// !$*UTF8*$!
{
	archiveVersion = 1;
	classes = {
	};
	objectVersion = 50;
	objects = {

/* Begin PBXBuildFile section */
		AC8B6C672444F11F002A6F28 /* AppDelegate.swift in Sources */ = {isa = PBXBuildFile; fileRef = AC8B6C662444F11F002A6F28 /* AppDelegate.swift */; };
		AC8B6C692444F11F002A6F28 /* SceneDelegate.swift in Sources */ = {isa = PBXBuildFile; fileRef = AC8B6C682444F11F002A6F28 /* SceneDelegate.swift */; };
		AC8B6C6E2444F11F002A6F28 /* Main.storyboard in Resources */ = {isa = PBXBuildFile; fileRef = AC8B6C6C2444F11F002A6F28 /* Main.storyboard */; };
		AC8B6C702444F122002A6F28 /* Assets.xcassets in Resources */ = {isa = PBXBuildFile; fileRef = AC8B6C6F2444F122002A6F28 /* Assets.xcassets */; };
		AC8B6C732444F122002A6F28 /* LaunchScreen.storyboard in Resources */ = {isa = PBXBuildFile; fileRef = AC8B6C712444F122002A6F28 /* LaunchScreen.storyboard */; };
		AC8B6C7F2444F88B002A6F28 /* TTVPDFViewController.swift in Sources */ = {isa = PBXBuildFile; fileRef = AC8B6C7E2444F88B002A6F28 /* TTVPDFViewController.swift */; };
		AC8B6C812444FD1D002A6F28 /* sample.pdf in Resources */ = {isa = PBXBuildFile; fileRef = AC8B6C802444FD1D002A6F28 /* sample.pdf */; };
		ACC405BC2447983F0044D6C3 /* CGPointExtension.swift in Sources */ = {isa = PBXBuildFile; fileRef = ACC405BB2447983F0044D6C3 /* CGPointExtension.swift */; };
/* End PBXBuildFile section */

/* Begin PBXFileReference section */
		AC8B6C632444F11F002A6F28 /* PDFKit_HelloWorld.app */ = {isa = PBXFileReference; explicitFileType = wrapper.application; includeInIndex = 0; path = PDFKit_HelloWorld.app; sourceTree = BUILT_PRODUCTS_DIR; };
		AC8B6C662444F11F002A6F28 /* AppDelegate.swift */ = {isa = PBXFileReference; lastKnownFileType = sourcecode.swift; path = AppDelegate.swift; sourceTree = "<group>"; };
		AC8B6C682444F11F002A6F28 /* SceneDelegate.swift */ = {isa = PBXFileReference; lastKnownFileType = sourcecode.swift; path = SceneDelegate.swift; sourceTree = "<group>"; };
		AC8B6C6D2444F11F002A6F28 /* Base */ = {isa = PBXFileReference; lastKnownFileType = file.storyboard; name = Base; path = Base.lproj/Main.storyboard; sourceTree = "<group>"; };
		AC8B6C6F2444F122002A6F28 /* Assets.xcassets */ = {isa = PBXFileReference; lastKnownFileType = folder.assetcatalog; path = Assets.xcassets; sourceTree = "<group>"; };
		AC8B6C722444F122002A6F28 /* Base */ = {isa = PBXFileReference; lastKnownFileType = file.storyboard; name = Base; path = Base.lproj/LaunchScreen.storyboard; sourceTree = "<group>"; };
		AC8B6C742444F122002A6F28 /* Info.plist */ = {isa = PBXFileReference; lastKnownFileType = text.plist.xml; path = Info.plist; sourceTree = "<group>"; };
		AC8B6C7E2444F88B002A6F28 /* TTVPDFViewController.swift */ = {isa = PBXFileReference; lastKnownFileType = sourcecode.swift; path = TTVPDFViewController.swift; sourceTree = "<group>"; };
		AC8B6C802444FD1D002A6F28 /* sample.pdf */ = {isa = PBXFileReference; lastKnownFileType = image.pdf; path = sample.pdf; sourceTree = SOURCE_ROOT; };
		ACC405BB2447983F0044D6C3 /* CGPointExtension.swift */ = {isa = PBXFileReference; lastKnownFileType = sourcecode.swift; path = CGPointExtension.swift; sourceTree = "<group>"; };
/* End PBXFileReference section */

/* Begin PBXFrameworksBuildPhase section */
		AC8B6C602444F11F002A6F28 /* Frameworks */ = {
			isa = PBXFrameworksBuildPhase;
			buildActionMask = 2147483647;
			files = (
			);
			runOnlyForDeploymentPostprocessing = 0;
		};
/* End PBXFrameworksBuildPhase section */

/* Begin PBXGroup section */
		AC8B6C5A2444F11F002A6F28 = {
			isa = PBXGroup;
			children = (
				AC8B6C652444F11F002A6F28 /* PDFKit_HelloWorld */,
				AC8B6C642444F11F002A6F28 /* Products */,
			);
			sourceTree = "<group>";
		};
		AC8B6C642444F11F002A6F28 /* Products */ = {
			isa = PBXGroup;
			children = (
				AC8B6C632444F11F002A6F28 /* PDFKit_HelloWorld.app */,
			);
			name = Products;
			sourceTree = "<group>";
		};
		AC8B6C652444F11F002A6F28 /* PDFKit_HelloWorld */ = {
			isa = PBXGroup;
			children = (
				ACC405BA244798300044D6C3 /* Extensions */,
				AC8B6C7D2444F49E002A6F28 /* Controllers */,
				AC8B6C7A2444F471002A6F28 /* Storyboard */,
				AC8B6C7C2444F485002A6F28 /* Resources */,
			);
			path = PDFKit_HelloWorld;
			sourceTree = "<group>";
		};
		AC8B6C7A2444F471002A6F28 /* Storyboard */ = {
			isa = PBXGroup;
			children = (
				AC8B6C6C2444F11F002A6F28 /* Main.storyboard */,
			);
			path = Storyboard;
			sourceTree = "<group>";
		};
		AC8B6C7C2444F485002A6F28 /* Resources */ = {
			isa = PBXGroup;
			children = (
				AC8B6C802444FD1D002A6F28 /* sample.pdf */,
				AC8B6C662444F11F002A6F28 /* AppDelegate.swift */,
				AC8B6C682444F11F002A6F28 /* SceneDelegate.swift */,
				AC8B6C6F2444F122002A6F28 /* Assets.xcassets */,
				AC8B6C712444F122002A6F28 /* LaunchScreen.storyboard */,
				AC8B6C742444F122002A6F28 /* Info.plist */,
			);
			path = Resources;
			sourceTree = "<group>";
		};
		AC8B6C7D2444F49E002A6F28 /* Controllers */ = {
			isa = PBXGroup;
			children = (
				AC8B6C7E2444F88B002A6F28 /* TTVPDFViewController.swift */,
			);
			path = Controllers;
			sourceTree = "<group>";
		};
		ACC405BA244798300044D6C3 /* Extensions */ = {
			isa = PBXGroup;
			children = (
				ACC405BB2447983F0044D6C3 /* CGPointExtension.swift */,
			);
			path = Extensions;
			sourceTree = "<group>";
		};
/* End PBXGroup section */

/* Begin PBXNativeTarget section */
		AC8B6C622444F11F002A6F28 /* PDFKit_HelloWorld */ = {
			isa = PBXNativeTarget;
			buildConfigurationList = AC8B6C772444F122002A6F28 /* Build configuration list for PBXNativeTarget "PDFKit_HelloWorld" */;
			buildPhases = (
				AC8B6C5F2444F11F002A6F28 /* Sources */,
				AC8B6C602444F11F002A6F28 /* Frameworks */,
				AC8B6C612444F11F002A6F28 /* Resources */,
			);
			buildRules = (
			);
			dependencies = (
			);
			name = PDFKit_HelloWorld;
			productName = PDFKit_HelloWorld;
			productReference = AC8B6C632444F11F002A6F28 /* PDFKit_HelloWorld.app */;
			productType = "com.apple.product-type.application";
		};
/* End PBXNativeTarget section */

/* Begin PBXProject section */
		AC8B6C5B2444F11F002A6F28 /* Project object */ = {
			isa = PBXProject;
			attributes = {
				LastSwiftUpdateCheck = 1140;
				LastUpgradeCheck = 1140;
				ORGANIZATIONNAME = "Theo Vora";
				TargetAttributes = {
					AC8B6C622444F11F002A6F28 = {
						CreatedOnToolsVersion = 11.4;
					};
				};
			};
			buildConfigurationList = AC8B6C5E2444F11F002A6F28 /* Build configuration list for PBXProject "PDFKit_HelloWorld" */;
			compatibilityVersion = "Xcode 9.3";
			developmentRegion = en;
			hasScannedForEncodings = 0;
			knownRegions = (
				en,
				Base,
			);
			mainGroup = AC8B6C5A2444F11F002A6F28;
			productRefGroup = AC8B6C642444F11F002A6F28 /* Products */;
			projectDirPath = "";
			projectRoot = "";
			targets = (
				AC8B6C622444F11F002A6F28 /* PDFKit_HelloWorld */,
			);
		};
/* End PBXProject section */

/* Begin PBXResourcesBuildPhase section */
		AC8B6C612444F11F002A6F28 /* Resources */ = {
			isa = PBXResourcesBuildPhase;
			buildActionMask = 2147483647;
			files = (
				AC8B6C812444FD1D002A6F28 /* sample.pdf in Resources */,
				AC8B6C732444F122002A6F28 /* LaunchScreen.storyboard in Resources */,
				AC8B6C702444F122002A6F28 /* Assets.xcassets in Resources */,
				AC8B6C6E2444F11F002A6F28 /* Main.storyboard in Resources */,
			);
			runOnlyForDeploymentPostprocessing = 0;
		};
/* End PBXResourcesBuildPhase section */

/* Begin PBXSourcesBuildPhase section */
		AC8B6C5F2444F11F002A6F28 /* Sources */ = {
			isa = PBXSourcesBuildPhase;
			buildActionMask = 2147483647;
			files = (
				AC8B6C7F2444F88B002A6F28 /* TTVPDFViewController.swift in Sources */,
				AC8B6C672444F11F002A6F28 /* AppDelegate.swift in Sources */,
				ACC405BC2447983F0044D6C3 /* CGPointExtension.swift in Sources */,
				AC8B6C692444F11F002A6F28 /* SceneDelegate.swift in Sources */,
			);
			runOnlyForDeploymentPostprocessing = 0;
		};
/* End PBXSourcesBuildPhase section */

/* Begin PBXVariantGroup section */
		AC8B6C6C2444F11F002A6F28 /* Main.storyboard */ = {
			isa = PBXVariantGroup;
			children = (
				AC8B6C6D2444F11F002A6F28 /* Base */,
			);
			name = Main.storyboard;
			sourceTree = "<group>";
		};
		AC8B6C712444F122002A6F28 /* LaunchScreen.storyboard */ = {
			isa = PBXVariantGroup;
			children = (
				AC8B6C722444F122002A6F28 /* Base */,
			);
			name = LaunchScreen.storyboard;
			sourceTree = "<group>";
		};
/* End PBXVariantGroup section */

/* Begin XCBuildConfiguration section */
		AC8B6C752444F122002A6F28 /* Debug */ = {
			isa = XCBuildConfiguration;
			buildSettings = {
				ALWAYS_SEARCH_USER_PATHS = NO;
				CLANG_ANALYZER_NONNULL = YES;
				CLANG_ANALYZER_NUMBER_OBJECT_CONVERSION = YES_AGGRESSIVE;
				CLANG_CXX_LANGUAGE_STANDARD = "gnu++14";
				CLANG_CXX_LIBRARY = "libc++";
				CLANG_ENABLE_MODULES = YES;
				CLANG_ENABLE_OBJC_ARC = YES;
				CLANG_ENABLE_OBJC_WEAK = YES;
				CLANG_WARN_BLOCK_CAPTURE_AUTORELEASING = YES;
				CLANG_WARN_BOOL_CONVERSION = YES;
				CLANG_WARN_COMMA = YES;
				CLANG_WARN_CONSTANT_CONVERSION = YES;
				CLANG_WARN_DEPRECATED_OBJC_IMPLEMENTATIONS = YES;
				CLANG_WARN_DIRECT_OBJC_ISA_USAGE = YES_ERROR;
				CLANG_WARN_DOCUMENTATION_COMMENTS = YES;
				CLANG_WARN_EMPTY_BODY = YES;
				CLANG_WARN_ENUM_CONVERSION = YES;
				CLANG_WARN_INFINITE_RECURSION = YES;
				CLANG_WARN_INT_CONVERSION = YES;
				CLANG_WARN_NON_LITERAL_NULL_CONVERSION = YES;
				CLANG_WARN_OBJC_IMPLICIT_RETAIN_SELF = YES;
				CLANG_WARN_OBJC_LITERAL_CONVERSION = YES;
				CLANG_WARN_OBJC_ROOT_CLASS = YES_ERROR;
				CLANG_WARN_RANGE_LOOP_ANALYSIS = YES;
				CLANG_WARN_STRICT_PROTOTYPES = YES;
				CLANG_WARN_SUSPICIOUS_MOVE = YES;
				CLANG_WARN_UNGUARDED_AVAILABILITY = YES_AGGRESSIVE;
				CLANG_WARN_UNREACHABLE_CODE = YES;
				CLANG_WARN__DUPLICATE_METHOD_MATCH = YES;
				COPY_PHASE_STRIP = NO;
				DEBUG_INFORMATION_FORMAT = dwarf;
				ENABLE_STRICT_OBJC_MSGSEND = YES;
				ENABLE_TESTABILITY = YES;
				GCC_C_LANGUAGE_STANDARD = gnu11;
				GCC_DYNAMIC_NO_PIC = NO;
				GCC_NO_COMMON_BLOCKS = YES;
				GCC_OPTIMIZATION_LEVEL = 0;
				GCC_PREPROCESSOR_DEFINITIONS = (
					"DEBUG=1",
					"$(inherited)",
				);
				GCC_WARN_64_TO_32_BIT_CONVERSION = YES;
				GCC_WARN_ABOUT_RETURN_TYPE = YES_ERROR;
				GCC_WARN_UNDECLARED_SELECTOR = YES;
				GCC_WARN_UNINITIALIZED_AUTOS = YES_AGGRESSIVE;
				GCC_WARN_UNUSED_FUNCTION = YES;
				GCC_WARN_UNUSED_VARIABLE = YES;
				IPHONEOS_DEPLOYMENT_TARGET = 13.4;
				MTL_ENABLE_DEBUG_INFO = INCLUDE_SOURCE;
				MTL_FAST_MATH = YES;
				ONLY_ACTIVE_ARCH = YES;
				SDKROOT = iphoneos;
				SWIFT_ACTIVE_COMPILATION_CONDITIONS = DEBUG;
				SWIFT_OPTIMIZATION_LEVEL = "-Onone";
			};
			name = Debug;
		};
		AC8B6C762444F122002A6F28 /* Release */ = {
			isa = XCBuildConfiguration;
			buildSettings = {
				ALWAYS_SEARCH_USER_PATHS = NO;
				CLANG_ANALYZER_NONNULL = YES;
				CLANG_ANALYZER_NUMBER_OBJECT_CONVERSION = YES_AGGRESSIVE;
				CLANG_CXX_LANGUAGE_STANDARD = "gnu++14";
				CLANG_CXX_LIBRARY = "libc++";
				CLANG_ENABLE_MODULES = YES;
				CLANG_ENABLE_OBJC_ARC = YES;
				CLANG_ENABLE_OBJC_WEAK = YES;
				CLANG_WARN_BLOCK_CAPTURE_AUTORELEASING = YES;
				CLANG_WARN_BOOL_CONVERSION = YES;
				CLANG_WARN_COMMA = YES;
				CLANG_WARN_CONSTANT_CONVERSION = YES;
				CLANG_WARN_DEPRECATED_OBJC_IMPLEMENTATIONS = YES;
				CLANG_WARN_DIRECT_OBJC_ISA_USAGE = YES_ERROR;
				CLANG_WARN_DOCUMENTATION_COMMENTS = YES;
				CLANG_WARN_EMPTY_BODY = YES;
				CLANG_WARN_ENUM_CONVERSION = YES;
				CLANG_WARN_INFINITE_RECURSION = YES;
				CLANG_WARN_INT_CONVERSION = YES;
				CLANG_WARN_NON_LITERAL_NULL_CONVERSION = YES;
				CLANG_WARN_OBJC_IMPLICIT_RETAIN_SELF = YES;
				CLANG_WARN_OBJC_LITERAL_CONVERSION = YES;
				CLANG_WARN_OBJC_ROOT_CLASS = YES_ERROR;
				CLANG_WARN_RANGE_LOOP_ANALYSIS = YES;
				CLANG_WARN_STRICT_PROTOTYPES = YES;
				CLANG_WARN_SUSPICIOUS_MOVE = YES;
				CLANG_WARN_UNGUARDED_AVAILABILITY = YES_AGGRESSIVE;
				CLANG_WARN_UNREACHABLE_CODE = YES;
				CLANG_WARN__DUPLICATE_METHOD_MATCH = YES;
				COPY_PHASE_STRIP = NO;
				DEBUG_INFORMATION_FORMAT = "dwarf-with-dsym";
				ENABLE_NS_ASSERTIONS = NO;
				ENABLE_STRICT_OBJC_MSGSEND = YES;
				GCC_C_LANGUAGE_STANDARD = gnu11;
				GCC_NO_COMMON_BLOCKS = YES;
				GCC_WARN_64_TO_32_BIT_CONVERSION = YES;
				GCC_WARN_ABOUT_RETURN_TYPE = YES_ERROR;
				GCC_WARN_UNDECLARED_SELECTOR = YES;
				GCC_WARN_UNINITIALIZED_AUTOS = YES_AGGRESSIVE;
				GCC_WARN_UNUSED_FUNCTION = YES;
				GCC_WARN_UNUSED_VARIABLE = YES;
				IPHONEOS_DEPLOYMENT_TARGET = 13.4;
				MTL_ENABLE_DEBUG_INFO = NO;
				MTL_FAST_MATH = YES;
				SDKROOT = iphoneos;
				SWIFT_COMPILATION_MODE = wholemodule;
				SWIFT_OPTIMIZATION_LEVEL = "-O";
				VALIDATE_PRODUCT = YES;
			};
			name = Release;
		};
		AC8B6C782444F122002A6F28 /* Debug */ = {
			isa = XCBuildConfiguration;
			buildSettings = {
				ASSETCATALOG_COMPILER_APPICON_NAME = AppIcon;
				CODE_SIGN_STYLE = Automatic;
				DEVELOPMENT_TEAM = 6QY69PUF72;
				INFOPLIST_FILE = PDFKit_HelloWorld/Resources/Info.plist;
				LD_RUNPATH_SEARCH_PATHS = (
					"$(inherited)",
					"@executable_path/Frameworks",
				);
				PRODUCT_BUNDLE_IDENTIFIER = "com.joybending.PDFKit-HelloWorld";
				PRODUCT_NAME = "$(TARGET_NAME)";
				SWIFT_VERSION = 5.0;
				TARGETED_DEVICE_FAMILY = "1,2";
			};
			name = Debug;
		};
		AC8B6C792444F122002A6F28 /* Release */ = {
			isa = XCBuildConfiguration;
			buildSettings = {
				ASSETCATALOG_COMPILER_APPICON_NAME = AppIcon;
				CODE_SIGN_STYLE = Automatic;
				DEVELOPMENT_TEAM = 6QY69PUF72;
				INFOPLIST_FILE = PDFKit_HelloWorld/Resources/Info.plist;
				LD_RUNPATH_SEARCH_PATHS = (
					"$(inherited)",
					"@executable_path/Frameworks",
				);
				PRODUCT_BUNDLE_IDENTIFIER = "com.joybending.PDFKit-HelloWorld";
				PRODUCT_NAME = "$(TARGET_NAME)";
				SWIFT_VERSION = 5.0;
				TARGETED_DEVICE_FAMILY = "1,2";
			};
			name = Release;
		};
/* End XCBuildConfiguration section */

/* Begin XCConfigurationList section */
		AC8B6C5E2444F11F002A6F28 /* Build configuration list for PBXProject "PDFKit_HelloWorld" */ = {
			isa = XCConfigurationList;
			buildConfigurations = (
				AC8B6C752444F122002A6F28 /* Debug */,
				AC8B6C762444F122002A6F28 /* Release */,
			);
			defaultConfigurationIsVisible = 0;
			defaultConfigurationName = Release;
		};
		AC8B6C772444F122002A6F28 /* Build configuration list for PBXNativeTarget "PDFKit_HelloWorld" */ = {
			isa = XCConfigurationList;
			buildConfigurations = (
				AC8B6C782444F122002A6F28 /* Debug */,
				AC8B6C792444F122002A6F28 /* Release */,
			);
			defaultConfigurationIsVisible = 0;
			defaultConfigurationName = Release;
		};
/* End XCConfigurationList section */
	};
	rootObject = AC8B6C5B2444F11F002A6F28 /* Project object */;
}
